
Microsoft Visual Studio Solution File, Format Version 12.00
# Visual Studio Version 16
VisualStudioVersion = 16.0.30503.244
MinimumVisualStudioVersion = 10.0.40219.1
Project("{FAE04EC0-301F-11D3-BF4B-00C04F79EFBC}") = "BankApplication", "BankApplication\BankApplication.csproj", "{BA965461-1F76-42E2-A30E-E3CA0A5464AD}"
EndProject
Global
	GlobalSection(SolutionConfigurationPlatforms) = preSolution
		Debug|Any CPU = Debug|Any CPU
		Release|Any CPU = Release|Any CPU
	EndGlobalSection
	GlobalSection(ProjectConfigurationPlatforms) = postSolution
		{BA965461-1F76-42E2-A30E-E3CA0A5464AD}.Debug|Any CPU.ActiveCfg = Debug|Any CPU
		{BA965461-1F76-42E2-A30E-E3CA0A5464AD}.Debug|Any CPU.Build.0 = Debug|Any CPU
		{BA965461-1F76-42E2-A30E-E3CA0A5464AD}.Release|Any CPU.ActiveCfg = Release|Any CPU
		{BA965461-1F76-42E2-A30E-E3CA0A5464AD}.Release|Any CPU.Build.0 = Release|Any CPU
	EndGlobalSection
	GlobalSection(SolutionProperties) = preSolution
		HideSolutionNode = FALSE
	EndGlobalSection
	GlobalSection(ExtensibilityGlobals) = postSolution
		SolutionGuid = {C373682F-0B40-4B9B-A71F-F1A3551590EF}
	EndGlobalSection
EndGlobal
